{
    "_readme": [
        "This file locks the dependencies of your project to a known state",
        "Read more about it at https://getcomposer.org/doc/01-basic-usage.md#composer-lock-the-lock-file",
        "This file is @generated automatically"
    ],
    "hash": "f29ac5a5f31c153cdfae77df6d17190d",
    "packages": [
        {
            "name": "herrera-io/json",
            "version": "1.0.3",
            "source": {
                "type": "git",
                "url": "https://github.com/herrera-io/php-json.git",
                "reference": "60c696c9370a1e5136816ca557c17f82a6fa83f1"
            },
            "dist": {
                "type": "zip",
                "url": "https://api.github.com/repos/herrera-io/php-json/zipball/60c696c9370a1e5136816ca557c17f82a6fa83f1",
                "reference": "60c696c9370a1e5136816ca557c17f82a6fa83f1",
                "shasum": ""
            },
            "require": {
                "ext-json": "*",
                "justinrainbow/json-schema": ">=1.0,<2.0-dev",
                "php": ">=5.3.3",
                "seld/jsonlint": ">=1.0,<2.0-dev"
            },
            "require-dev": {
                "herrera-io/phpunit-test-case": "1.*",
                "mikey179/vfsstream": "1.1.0",
                "phpunit/phpunit": "3.7.*"
            },
            "type": "library",
            "extra": {
                "branch-alias": {
                    "dev-master": "1.0-dev"
                }
            },
            "autoload": {
                "files": [
                    "src/lib/json_version.php"
                ],
                "psr-0": {
                    "Herrera\\Json": "src/lib"
                }
            },
            "notification-url": "https://packagist.org/downloads/",
            "license": [
                "MIT"
            ],
            "authors": [
                {
                    "name": "Kevin Herrera",
                    "email": "kevin@herrera.io",
                    "homepage": "http://kevin.herrera.io",
                    "role": "Developer"
                }
            ],
            "description": "A library for simplifying JSON linting and validation.",
            "homepage": "http://herrera-io.github.com/php-json",
            "keywords": [
                "json",
                "lint",
                "schema",
                "validate"
            ],
            "time": "2013-10-30 16:51:34"
        },
        {
            "name": "herrera-io/phar-update",
            "version": "1.0.3",
            "source": {
                "type": "git",
                "url": "https://github.com/herrera-io/php-phar-update.git",
                "reference": "00a79e1d5b8cf3c080a2e3becf1ddf7a7fea025b"
            },
            "dist": {
                "type": "zip",
                "url": "https://api.github.com/repos/herrera-io/php-phar-update/zipball/00a79e1d5b8cf3c080a2e3becf1ddf7a7fea025b",
                "reference": "00a79e1d5b8cf3c080a2e3becf1ddf7a7fea025b",
                "shasum": ""
            },
            "require": {
                "herrera-io/json": "1.*",
                "kherge/version": "1.*",
                "php": ">=5.3.3"
            },
            "require-dev": {
                "herrera-io/phpunit-test-case": "1.*",
                "mikey179/vfsstream": "1.1.0",
                "phpunit/phpunit": "3.7.*"
            },
            "type": "library",
            "extra": {
                "branch-alias": {
                    "dev-master": "1.0-dev"
                }
            },
            "autoload": {
                "files": [
                    "src/lib/constants.php"
                ],
                "psr-0": {
                    "Herrera\\Phar\\Update": "src/lib"
                }
            },
            "notification-url": "https://packagist.org/downloads/",
            "license": [
                "MIT"
            ],
            "authors": [
                {
                    "name": "Kevin Herrera",
                    "email": "kevin@herrera.io",
                    "homepage": "http://kevin.herrera.io",
                    "role": "Developer"
                }
            ],
            "description": "A library for self-updating Phars.",
            "homepage": "http://herrera-io.github.com/php-phar-update",
            "keywords": [
                "phar",
                "update"
            ],
            "time": "2013-10-30 17:23:01"
        },
        {
            "name": "justinrainbow/json-schema",
            "version": "1.4.1",
            "source": {
                "type": "git",
                "url": "https://github.com/justinrainbow/json-schema.git",
                "reference": "2465fe486c864e30badaa4d005ebdf89dbc503f3"
            },
            "dist": {
                "type": "zip",
                "url": "https://api.github.com/repos/justinrainbow/json-schema/zipball/2465fe486c864e30badaa4d005ebdf89dbc503f3",
                "reference": "2465fe486c864e30badaa4d005ebdf89dbc503f3",
                "shasum": ""
            },
            "require": {
                "php": ">=5.3.0"
            },
            "require-dev": {
                "json-schema/json-schema-test-suite": "1.1.0",
                "phpdocumentor/phpdocumentor": "~2",
                "phpunit/phpunit": "~3.7"
            },
            "bin": [
                "bin/validate-json"
            ],
            "type": "library",
            "extra": {
                "branch-alias": {
                    "dev-master": "1.4.x-dev"
                }
            },
            "autoload": {
                "psr-0": {
                    "JsonSchema": "src/"
                }
            },
            "notification-url": "https://packagist.org/downloads/",
            "license": [
                "BSD-3-Clause"
            ],
            "authors": [
                {
                    "name": "Bruno Prieto Reis",
                    "email": "bruno.p.reis@gmail.com"
                },
                {
                    "name": "Justin Rainbow",
                    "email": "justin.rainbow@gmail.com"
                },
                {
                    "name": "Igor Wiedler",
                    "email": "igor@wiedler.ch"
                },
                {
                    "name": "Robert Schönthal",
                    "email": "seroscho@googlemail.com"
                }
            ],
            "description": "A library to validate a json schema.",
            "homepage": "https://github.com/justinrainbow/json-schema",
            "keywords": [
                "json",
                "schema"
            ],
            "time": "2015-03-27 16:41:39"
        },
        {
            "name": "kherge/version",
            "version": "1.0.1",
            "source": {
                "type": "git",
                "url": "https://github.com/kherge-unmaintained/Version.git",
                "reference": "f07cf83f8ce533be8f93d2893d96d674bbeb7e30"
            },
            "dist": {
                "type": "zip",
                "url": "https://api.github.com/repos/kherge-unmaintained/Version/zipball/f07cf83f8ce533be8f93d2893d96d674bbeb7e30",
                "reference": "f07cf83f8ce533be8f93d2893d96d674bbeb7e30",
                "shasum": ""
            },
            "require": {
                "php": ">=5.3.3"
            },
            "type": "library",
            "extra": {
                "branch-alias": {
                    "dev-master": "1.0-dev"
                }
            },
            "autoload": {
                "psr-0": {
                    "KevinGH\\Version": "src/lib/"
                }
            },
            "notification-url": "https://packagist.org/downloads/",
            "license": [
                "MIT"
            ],
            "authors": [
                {
                    "name": "Kevin Herrera",
                    "email": "me@kevingh.com",
                    "homepage": "http://www.kevingh.com/"
                }
            ],
            "description": "A parsing and comparison library for semantic versioning.",
            "homepage": "http://github.com/kherge/Version",
            "time": "2012-08-16 17:13:03"
        },
        {
            "name": "league/climate",
            "version": "2.0.0",
            "source": {
                "type": "git",
                "url": "https://github.com/thephpleague/climate.git",
                "reference": "c6a5b3bbe1300a2b6a58c98d0bad1b2d560420eb"
            },
            "dist": {
                "type": "zip",
                "url": "https://api.github.com/repos/thephpleague/climate/zipball/c6a5b3bbe1300a2b6a58c98d0bad1b2d560420eb",
                "reference": "c6a5b3bbe1300a2b6a58c98d0bad1b2d560420eb",
                "shasum": ""
            },
            "require": {
                "php": ">=5.4.0"
            },
            "require-dev": {
                "phpunit/phpunit": "4.1.*"
            },
            "type": "library",
            "autoload": {
                "psr-4": {
                    "League\\CLImate\\": "src/"
                }
            },
            "notification-url": "https://packagist.org/downloads/",
            "license": [
                "MIT"
            ],
            "authors": [
                {
                    "name": "Joe Tannenbaum",
                    "email": "hey@joe.codes",
                    "homepage": "http://joe.codes/",
                    "role": "Developer"
                }
            ],
            "description": "PHP's best friend for the terminal. CLImate allows you to easily output colored text, special formats, and more.",
            "keywords": [
                "cli",
                "colors",
                "command",
                "php",
                "terminal"
            ],
            "time": "2014-09-16 16:04:27"
        },
        {
            "name": "seld/jsonlint",
            "version": "1.3.1",
            "source": {
                "type": "git",
                "url": "https://github.com/Seldaek/jsonlint.git",
                "reference": "863ae85c6d3ef60ca49cb12bd051c4a0648c40c4"
            },
            "dist": {
                "type": "zip",
                "url": "https://api.github.com/repos/Seldaek/jsonlint/zipball/863ae85c6d3ef60ca49cb12bd051c4a0648c40c4",
                "reference": "863ae85c6d3ef60ca49cb12bd051c4a0648c40c4",
                "shasum": ""
            },
            "require": {
                "php": ">=5.3.0"
            },
            "bin": [
                "bin/jsonlint"
            ],
            "type": "library",
            "autoload": {
                "psr-4": {
                    "Seld\\JsonLint\\": "src/Seld/JsonLint/"
                }
            },
            "notification-url": "https://packagist.org/downloads/",
            "license": [
                "MIT"
            ],
            "authors": [
                {
                    "name": "Jordi Boggiano",
                    "email": "j.boggiano@seld.be",
                    "homepage": "http://seld.be"
                }
            ],
            "description": "JSON Linter",
            "keywords": [
                "json",
                "linter",
                "parser",
                "validator"
            ],
            "time": "2015-01-04 21:18:15"
        },
        {
            "name": "symfony/console",
            "version": "v2.7.0",
            "source": {
                "type": "git",
                "url": "https://github.com/symfony/Console.git",
                "reference": "7f0bec04961c61c961df0cb8c2ae88dbfd83f399"
            },
            "dist": {
                "type": "zip",
                "url": "https://api.github.com/repos/symfony/Console/zipball/7f0bec04961c61c961df0cb8c2ae88dbfd83f399",
                "reference": "7f0bec04961c61c961df0cb8c2ae88dbfd83f399",
                "shasum": ""
            },
            "require": {
                "php": ">=5.3.9"
            },
            "require-dev": {
                "psr/log": "~1.0",
                "symfony/event-dispatcher": "~2.1",
                "symfony/phpunit-bridge": "~2.7",
                "symfony/process": "~2.1"
            },
            "suggest": {
                "psr/log": "For using the console logger",
                "symfony/event-dispatcher": "",
                "symfony/process": ""
            },
            "type": "library",
            "extra": {
                "branch-alias": {
                    "dev-master": "2.7-dev"
                }
            },
            "autoload": {
                "psr-4": {
                    "Symfony\\Component\\Console\\": ""
                }
            },
            "notification-url": "https://packagist.org/downloads/",
            "license": [
                "MIT"
            ],
            "authors": [
                {
                    "name": "Fabien Potencier",
                    "email": "fabien@symfony.com"
                },
                {
                    "name": "Symfony Community",
                    "homepage": "https://symfony.com/contributors"
                }
            ],
            "description": "Symfony Console Component",
            "homepage": "https://symfony.com",
            "time": "2015-05-29 16:22:24"
        },
        {
            "name": "symfony/filesystem",
            "version": "v2.7.0",
            "source": {
                "type": "git",
                "url": "https://github.com/symfony/Filesystem.git",
                "reference": "ae4551fd6d4d4f51f2e7390fbc902fbd67f3b7ba"
            },
            "dist": {
                "type": "zip",
                "url": "https://api.github.com/repos/symfony/Filesystem/zipball/ae4551fd6d4d4f51f2e7390fbc902fbd67f3b7ba",
                "reference": "ae4551fd6d4d4f51f2e7390fbc902fbd67f3b7ba",
                "shasum": ""
            },
            "require": {
                "php": ">=5.3.9"
            },
            "require-dev": {
                "symfony/phpunit-bridge": "~2.7"
            },
            "type": "library",
            "extra": {
                "branch-alias": {
                    "dev-master": "2.7-dev"
                }
            },
            "autoload": {
                "psr-4": {
                    "Symfony\\Component\\Filesystem\\": ""
                }
            },
            "notification-url": "https://packagist.org/downloads/",
            "license": [
                "MIT"
            ],
            "authors": [
                {
                    "name": "Fabien Potencier",
                    "email": "fabien@symfony.com"
                },
                {
                    "name": "Symfony Community",
                    "homepage": "https://symfony.com/contributors"
                }
            ],
            "description": "Symfony Filesystem Component",
            "homepage": "https://symfony.com",
            "time": "2015-05-15 13:33:16"
        },
        {
            "name": "symfony/finder",
            "version": "v2.7.0",
            "source": {
                "type": "git",
                "url": "https://github.com/symfony/Finder.git",
                "reference": "ccb8ed8339cf24824f2ef35dacec30d92ff44368"
            },
            "dist": {
                "type": "zip",
                "url": "https://api.github.com/repos/symfony/Finder/zipball/ccb8ed8339cf24824f2ef35dacec30d92ff44368",
                "reference": "ccb8ed8339cf24824f2ef35dacec30d92ff44368",
                "shasum": ""
            },
            "require": {
                "php": ">=5.3.9"
            },
            "require-dev": {
                "symfony/phpunit-bridge": "~2.7"
            },
            "type": "library",
            "extra": {
                "branch-alias": {
                    "dev-master": "2.7-dev"
                }
            },
            "autoload": {
                "psr-4": {
                    "Symfony\\Component\\Finder\\": ""
                }
            },
            "notification-url": "https://packagist.org/downloads/",
            "license": [
                "MIT"
            ],
            "authors": [
                {
                    "name": "Fabien Potencier",
                    "email": "fabien@symfony.com"
                },
                {
                    "name": "Symfony Community",
                    "homepage": "https://symfony.com/contributors"
                }
            ],
            "description": "Symfony Finder Component",
            "homepage": "https://symfony.com",
            "time": "2015-05-15 14:02:48"
        },
        {
            "name": "symfony/process",
            "version": "v2.7.0",
            "source": {
                "type": "git",
                "url": "https://github.com/symfony/Process.git",
                "reference": "e0a82b58e36afc60f8e79b8bc85a22bb064077c1"
            },
            "dist": {
                "type": "zip",
                "url": "https://api.github.com/repos/symfony/Process/zipball/e0a82b58e36afc60f8e79b8bc85a22bb064077c1",
                "reference": "e0a82b58e36afc60f8e79b8bc85a22bb064077c1",
                "shasum": ""
            },
            "require": {
                "php": ">=5.3.9"
            },
            "require-dev": {
                "symfony/phpunit-bridge": "~2.7"
            },
            "type": "library",
            "extra": {
                "branch-alias": {
                    "dev-master": "2.7-dev"
                }
            },
            "autoload": {
                "psr-4": {
                    "Symfony\\Component\\Process\\": ""
                }
            },
            "notification-url": "https://packagist.org/downloads/",
            "license": [
                "MIT"
            ],
            "authors": [
                {
                    "name": "Fabien Potencier",
                    "email": "fabien@symfony.com"
                },
                {
                    "name": "Symfony Community",
                    "homepage": "https://symfony.com/contributors"
                }
            ],
            "description": "Symfony Process Component",
            "homepage": "https://symfony.com",
            "time": "2015-05-15 13:33:16"
        },
        {
            "name": "symfony/yaml",
            "version": "v2.7.0",
            "source": {
                "type": "git",
                "url": "https://github.com/symfony/Yaml.git",
                "reference": "4a29a5248aed4fb45f626a7bbbd330291492f5c3"
            },
            "dist": {
                "type": "zip",
                "url": "https://api.github.com/repos/symfony/Yaml/zipball/4a29a5248aed4fb45f626a7bbbd330291492f5c3",
                "reference": "4a29a5248aed4fb45f626a7bbbd330291492f5c3",
                "shasum": ""
            },
            "require": {
                "php": ">=5.3.9"
            },
            "require-dev": {
                "symfony/phpunit-bridge": "~2.7"
            },
            "type": "library",
            "extra": {
                "branch-alias": {
                    "dev-master": "2.7-dev"
                }
            },
            "autoload": {
                "psr-4": {
                    "Symfony\\Component\\Yaml\\": ""
                }
            },
            "notification-url": "https://packagist.org/downloads/",
            "license": [
                "MIT"
            ],
            "authors": [
                {
                    "name": "Fabien Potencier",
                    "email": "fabien@symfony.com"
                },
                {
                    "name": "Symfony Community",
                    "homepage": "https://symfony.com/contributors"
                }
            ],
            "description": "Symfony Yaml Component",
            "homepage": "https://symfony.com",
            "time": "2015-05-02 15:21:08"
        }
    ],
    "packages-dev": [],
    "aliases": [],
    "minimum-stability": "stable",
    "stability-flags": [],
    "prefer-stable": false,
    "prefer-lowest": false,
    "platform": [],
    "platform-dev": []
}
